
Microsoft Visual Studio Solution File, Format Version 12.00
# Visual Studio Version 17
VisualStudioVersion = 17.4.33213.308
MinimumVisualStudioVersion = 10.0.40219.1
Project("{FAE04EC0-301F-11D3-BF4B-00C04F79EFBC}") = "Klausuren", "Klausuren.csproj", "{56BAF0B8-7D0B-4F68-9C0D-B7CA2153DC29}"
EndProject
Global
	GlobalSection(SolutionConfigurationPlatforms) = preSolution
		Debug|Any CPU = Debug|Any CPU
		Release|Any CPU = Release|Any CPU
	EndGlobalSection
	GlobalSection(ProjectConfigurationPlatforms) = postSolution
		{56BAF0B8-7D0B-4F68-9C0D-B7CA2153DC29}.Debug|Any CPU.ActiveCfg = Debug|Any CPU
		{56BAF0B8-7D0B-4F68-9C0D-B7CA2153DC29}.Debug|Any CPU.Build.0 = Debug|Any CPU
		{56BAF0B8-7D0B-4F68-9C0D-B7CA2153DC29}.Release|Any CPU.ActiveCfg = Release|Any CPU
		{56BAF0B8-7D0B-4F68-9C0D-B7CA2153DC29}.Release|Any CPU.Build.0 = Release|Any CPU
	EndGlobalSection
	GlobalSection(SolutionProperties) = preSolution
		HideSolutionNode = FALSE
	EndGlobalSection
	GlobalSection(ExtensibilityGlobals) = postSolution
		SolutionGuid = {5E5391F6-1F41-4917-914D-793267884E2C}
	EndGlobalSection
EndGlobal
